{
    "_readme": [
        "This file locks the dependencies of your project to a known state",
        "Read more about it at http://getcomposer.org/doc/01-basic-usage.md#composer-lock-the-lock-file",
        "This file is @generated automatically"
    ],
    "hash": "1bd6f49eb53ae1915e6c5c1eda75cc99",
    "packages": [
        {
            "name": "components/font-awesome",
            "version": "dev-master",
            "source": {
                "type": "git",
                "url": "https://github.com/components/font-awesome.git",
                "reference": "8b104d078e7a27fec24e9744211fee4e6192d771"
            },
            "dist": {
                "type": "zip",
                "url": "https://api.github.com/repos/components/font-awesome/zipball/8b104d078e7a27fec24e9744211fee4e6192d771",
                "reference": "8b104d078e7a27fec24e9744211fee4e6192d771",
                "shasum": ""
            },
            "type": "component",
            "extra": {
                "branch-alias": {
                    "dev-master": "4.2.x-dev"
                },
                "component": {
                    "styles": [
                        "css/font-awesome.css"
                    ],
                    "files": [
                        "css/font-awesome.min.css",
                        "fonts/*"
                    ]
                }
            },
            "notification-url": "https://packagist.org/downloads/",
            "license": [
                "MIT",
                "OFL-1.1"
            ],
            "description": "The iconic font designed for use with Twitter Bootstrap.",
            "time": "2014-11-24 22:32:43"
        },
        {
            "name": "composer/installers",
            "version": "v1.0.12",
            "source": {
                "type": "git",
                "url": "https://github.com/composer/installers.git",
                "reference": "4127333b03e8b4c08d081958548aae5419d1a2fa"
            },
            "dist": {
                "type": "zip",
                "url": "https://api.github.com/repos/composer/installers/zipball/4127333b03e8b4c08d081958548aae5419d1a2fa",
                "reference": "4127333b03e8b4c08d081958548aae5419d1a2fa",
                "shasum": ""
            },
            "replace": {
                "shama/baton": "*"
            },
            "require-dev": {
                "composer/composer": "1.0.*@dev",
                "phpunit/phpunit": "3.7.*"
            },
            "type": "composer-installer",
            "extra": {
                "class": "Composer\\Installers\\Installer",
                "branch-alias": {
                    "dev-master": "1.0-dev"
                }
            },
            "autoload": {
                "psr-0": {
                    "Composer\\Installers\\": "src/"
                }
            },
            "notification-url": "https://packagist.org/downloads/",
            "license": [
                "MIT"
            ],
            "authors": [
                {
                    "name": "Kyle Robinson Young",
                    "email": "kyle@dontkry.com",
                    "homepage": "https://github.com/shama",
                    "role": "Developer"
                }
            ],
            "description": "A multi-framework Composer library installer",
            "homepage": "http://composer.github.com/installers/",
            "keywords": [
                "Craft",
                "Hurad",
                "MODX Evo",
                "OXID",
                "WolfCMS",
                "agl",
                "annotatecms",
                "cakephp",
                "codeigniter",
                "concrete5",
                "croogo",
                "drupal",
                "elgg",
                "fuelphp",
                "installer",
                "joomla",
                "kohana",
                "laravel",
                "lithium",
                "magento",
                "mako",
                "mediawiki",
                "modulework",
                "phpbb",
                "piwik",
                "ppi",
                "shopware",
                "silverstripe",
                "symfony",
                "typo3",
                "wordpress",
                "zend",
                "zikula"
            ],
            "time": "2014-02-24 04:21:34"
        },
        {
            "name": "johnpbloch/wordpress",
            "version": "4.1",
            "source": {
                "type": "git",
                "url": "https://github.com/johnpbloch/wordpress.git",
                "reference": "fced41fbfeb6b6a1f48f505426da0cb392d44274"
            },
            "dist": {
                "type": "zip",
                "url": "https://api.github.com/repos/johnpbloch/wordpress/zipball/fced41fbfeb6b6a1f48f505426da0cb392d44274",
                "reference": "fced41fbfeb6b6a1f48f505426da0cb392d44274",
                "shasum": ""
            },
            "require": {
                "johnpbloch/wordpress-core-installer": "~0.2",
                "php": ">=5.3.2"
            },
            "type": "wordpress-core",
            "notification-url": "https://packagist.org/downloads/",
            "license": [
                "GPL-2.0+"
            ],
            "authors": [
                {
                    "name": "WordPress Community",
                    "homepage": "http://wordpress.org/about/"
                }
            ],
            "description": "WordPress is web software you can use to create a beautiful website or blog.",
            "homepage": "http://wordpress.org/",
            "keywords": [
                "blog",
                "cms"
            ],
            "time": "2014-12-18 18:31:41"
        },
        {
            "name": "johnpbloch/wordpress-core-installer",
            "version": "0.2.0",
            "source": {
                "type": "git",
                "url": "https://github.com/johnpbloch/wordpress-core-installer.git",
                "reference": "a4c08e91be99e858c7778c2f52a4d73820147c2e"
            },
            "dist": {
                "type": "zip",
                "url": "https://api.github.com/repos/johnpbloch/wordpress-core-installer/zipball/a4c08e91be99e858c7778c2f52a4d73820147c2e",
                "reference": "a4c08e91be99e858c7778c2f52a4d73820147c2e",
                "shasum": ""
            },
            "require": {
                "composer-plugin-api": "1.0.0"
            },
            "conflict": {
                "composer/installers": "<1.0.6"
            },
            "require-dev": {
                "composer/composer": "1.0.*@dev"
            },
            "type": "composer-plugin",
            "extra": {
                "class": "johnpbloch\\Composer\\WordPressCorePlugin"
            },
            "autoload": {
                "psr-0": {
                    "johnpbloch\\Composer\\": "src/"
                }
            },
            "notification-url": "https://packagist.org/downloads/",
            "license": [
                "GPL-2.0+"
            ],
            "authors": [
                {
                    "name": "John P. Bloch",
                    "email": "me@johnpbloch.com"
                }
            ],
            "description": "A custom installer to handle deploying WordPress with composer",
            "time": "2013-09-09 15:04:54"
        },
        {
            "name": "rankhammer/roots",
            "version": "dev-master",
            "source": {
                "type": "git",
                "url": "https://github.com/rankhammer/roots.git",
                "reference": "ec26f4ef3ea71d05b6a99fd6a8a93e1000fafbbc"
            },
            "dist": {
                "type": "zip",
                "url": "https://api.github.com/repos/rankhammer/roots/zipball/ec26f4ef3ea71d05b6a99fd6a8a93e1000fafbbc",
                "reference": "ec26f4ef3ea71d05b6a99fd6a8a93e1000fafbbc",
                "shasum": ""
            },
            "require": {
                "composer/installers": "v1.0.12",
                "php": ">=5.4"
            },
            "type": "wordpress-theme",
            "license": [
                "MIT"
            ],
            "authors": [
                {
                    "name": "Scott Walkinshaw",
                    "email": "scott.walkinshaw@gmail.com",
                    "homepage": "https://github.com/swalkinshaw"
                },
                {
                    "name": "Ben Word",
                    "email": "ben@benword.com",
                    "homepage": "https://github.com/retlehs"
                }
            ],
            "description": "Starter Wordpress Theme",
            "homepage": "http://roots.io",
            "keywords": [
                "wordpress"
            ],
            "support": {
                "issues": "https://github.com/roots/bedrock/issues",
                "source": "https://github.com/rankhammer/roots"
            },
            "time": "2015-01-02 03:01:53"
        },
        {
            "name": "roots/soil",
            "version": "3.0.2",
            "source": {
                "type": "git",
                "url": "https://github.com/roots/soil.git",
                "reference": "441478274cb124c17b948cd1ff7d1529774908cd"
            },
            "dist": {
                "type": "zip",
                "url": "https://api.github.com/repos/roots/soil/zipball/441478274cb124c17b948cd1ff7d1529774908cd",
                "reference": "441478274cb124c17b948cd1ff7d1529774908cd",
                "shasum": ""
            },
            "require": {
                "composer/installers": "~1.0",
                "php": ">=5.3.0"
            },
            "type": "wordpress-plugin",
            "notification-url": "https://packagist.org/downloads/",
            "license": [
                "MIT"
            ],
            "authors": [
                {
                    "name": "Scott Walkinshaw",
                    "email": "scott.walkinshaw@gmail.com",
                    "homepage": "https://github.com/swalkinshaw"
                },
                {
                    "name": "Ben Word",
                    "email": "ben@benword.com",
                    "homepage": "https://github.com/retlehs"
                }
            ],
            "description": "Clean up WordPress markup, relative URLs, nice search",
            "homepage": "http://roots.io/plugins/soil/",
            "keywords": [
                "wordpress"
            ],
            "time": "2014-11-15 00:11:50"
        },
        {
            "name": "vlucas/phpdotenv",
            "version": "v1.0.9",
            "source": {
                "type": "git",
                "url": "https://github.com/vlucas/phpdotenv.git",
                "reference": "56c252d48dce336da97926591aed71805203815b"
            },
            "dist": {
                "type": "zip",
                "url": "https://api.github.com/repos/vlucas/phpdotenv/zipball/56c252d48dce336da97926591aed71805203815b",
                "reference": "56c252d48dce336da97926591aed71805203815b",
                "shasum": ""
            },
            "require": {
                "php": ">=5.3.2"
            },
            "require-dev": {
                "phpunit/phpunit": "~4.0"
            },
            "type": "library",
            "extra": {
                "branch-alias": {
                    "dev-master": "1.0-dev"
                }
            },
            "autoload": {
                "psr-0": {
                    "Dotenv": "src/"
                }
            },
            "notification-url": "https://packagist.org/downloads/",
            "license": [
                "BSD"
            ],
            "authors": [
                {
                    "name": "Vance Lucas",
                    "email": "vance@vancelucas.com",
                    "homepage": "http://www.vancelucas.com"
                }
            ],
            "description": "Loads environment variables from `.env` to `getenv()`, `$_ENV` and `$_SERVER` automagically.",
            "homepage": "http://github.com/vlucas/phpdotenv",
            "keywords": [
                "dotenv",
                "env",
                "environment"
            ],
            "time": "2014-10-16 14:50:21"
        },
        {
            "name": "wpackagist-plugin/wordpress-seo",
            "version": "1.7.1",
            "source": {
                "type": "svn",
                "url": "http://plugins.svn.wordpress.org/wordpress-seo/",
                "reference": "tags/1.7.1"
            },
            "dist": {
                "type": "zip",
                "url": "http://downloads.wordpress.org/plugin/wordpress-seo.1.7.1.zip",
                "reference": null,
                "shasum": null
            },
            "require": {
                "composer/installers": "~1.0"
            },
            "type": "wordpress-plugin",
            "homepage": "https://wordpress.org/plugins/wordpress-seo/"
        },
        {
            "name": "wpackagist-plugin/wp-smushit",
            "version": "1.6.5.4",
            "source": {
                "type": "svn",
                "url": "http://plugins.svn.wordpress.org/wp-smushit/",
                "reference": "tags/1.6.5.4"
            },
            "dist": {
                "type": "zip",
                "url": "http://downloads.wordpress.org/plugin/wp-smushit.1.6.5.4.zip",
                "reference": null,
                "shasum": null
            },
            "require": {
                "composer/installers": "~1.0"
            },
            "type": "wordpress-plugin",
            "homepage": "https://wordpress.org/plugins/wp-smushit/"
        }
    ],
    "packages-dev": [],
    "aliases": [],
    "minimum-stability": "stable",
    "stability-flags": {
        "rankhammer/roots": 20,
        "components/font-awesome": 20
    },
    "prefer-stable": false,
    "prefer-lowest": false,
    "platform": {
        "php": ">=5.4"
    },
    "platform-dev": []
}
